// !$*UTF8*$!
{
	archiveVersion = 1;
	classes = {
	};
	objectVersion = 46;
	objects = {

/* Begin PBXBuildFile section */
		4EDD93761B3CFDD900D757EC /* main.m in Sources */ = {isa = PBXBuildFile; fileRef = 4EDD93751B3CFDD900D757EC /* main.m */; };
		4EDD93791B3CFDD900D757EC /* AppDelegate.m in Sources */ = {isa = PBXBuildFile; fileRef = 4EDD93781B3CFDD900D757EC /* AppDelegate.m */; };
		4EDD937C1B3CFDD900D757EC /* ViewController.m in Sources */ = {isa = PBXBuildFile; fileRef = 4EDD937B1B3CFDD900D757EC /* ViewController.m */; };
		4EDD937F1B3CFDD900D757EC /* Main.storyboard in Resources */ = {isa = PBXBuildFile; fileRef = 4EDD937D1B3CFDD900D757EC /* Main.storyboard */; };
		4EDD93811B3CFDD900D757EC /* Images.xcassets in Resources */ = {isa = PBXBuildFile; fileRef = 4EDD93801B3CFDD900D757EC /* Images.xcassets */; };
		4EDD93841B3CFDD900D757EC /* LaunchScreen.xib in Resources */ = {isa = PBXBuildFile; fileRef = 4EDD93821B3CFDD900D757EC /* LaunchScreen.xib */; };
		4EDD93901B3CFDD900D757EC /* coreAnimationTests.m in Sources */ = {isa = PBXBuildFile; fileRef = 4EDD938F1B3CFDD900D757EC /* coreAnimationTests.m */; };
/* End PBXBuildFile section */

/* Begin PBXContainerItemProxy section */
		4EDD938A1B3CFDD900D757EC /* PBXContainerItemProxy */ = {
			isa = PBXContainerItemProxy;
			containerPortal = 4EDD93681B3CFDD900D757EC /* Project object */;
			proxyType = 1;
			remoteGlobalIDString = 4EDD936F1B3CFDD900D757EC;
			remoteInfo = coreAnimation;
		};
/* End PBXContainerItemProxy section */

/* Begin PBXFileReference section */
		4EDD93701B3CFDD900D757EC /* coreAnimation.app */ = {isa = PBXFileReference; explicitFileType = wrapper.application; includeInIndex = 0; path = coreAnimation.app; sourceTree = BUILT_PRODUCTS_DIR; };
		4EDD93741B3CFDD900D757EC /* Info.plist */ = {isa = PBXFileReference; lastKnownFileType = text.plist.xml; path = Info.plist; sourceTree = "<group>"; };
		4EDD93751B3CFDD900D757EC /* main.m */ = {isa = PBXFileReference; lastKnownFileType = sourcecode.c.objc; path = main.m; sourceTree = "<group>"; };
		4EDD93771B3CFDD900D757EC /* AppDelegate.h */ = {isa = PBXFileReference; lastKnownFileType = sourcecode.c.h; path = AppDelegate.h; sourceTree = "<group>"; };
		4EDD93781B3CFDD900D757EC /* AppDelegate.m */ = {isa = PBXFileReference; lastKnownFileType = sourcecode.c.objc; path = AppDelegate.m; sourceTree = "<group>"; };
		4EDD937A1B3CFDD900D757EC /* ViewController.h */ = {isa = PBXFileReference; lastKnownFileType = sourcecode.c.h; path = ViewController.h; sourceTree = "<group>"; };
		4EDD937B1B3CFDD900D757EC /* ViewController.m */ = {isa = PBXFileReference; lastKnownFileType = sourcecode.c.objc; path = ViewController.m; sourceTree = "<group>"; };
		4EDD937E1B3CFDD900D757EC /* Base */ = {isa = PBXFileReference; lastKnownFileType = file.storyboard; name = Base; path = Base.lproj/Main.storyboard; sourceTree = "<group>"; };
		4EDD93801B3CFDD900D757EC /* Images.xcassets */ = {isa = PBXFileReference; lastKnownFileType = folder.assetcatalog; path = Images.xcassets; sourceTree = "<group>"; };
		4EDD93831B3CFDD900D757EC /* Base */ = {isa = PBXFileReference; lastKnownFileType = file.xib; name = Base; path = Base.lproj/LaunchScreen.xib; sourceTree = "<group>"; };
		4EDD93891B3CFDD900D757EC /* coreAnimationTests.xctest */ = {isa = PBXFileReference; explicitFileType = wrapper.cfbundle; includeInIndex = 0; path = coreAnimationTests.xctest; sourceTree = BUILT_PRODUCTS_DIR; };
		4EDD938E1B3CFDD900D757EC /* Info.plist */ = {isa = PBXFileReference; lastKnownFileType = text.plist.xml; path = Info.plist; sourceTree = "<group>"; };
		4EDD938F1B3CFDD900D757EC /* coreAnimationTests.m */ = {isa = PBXFileReference; lastKnownFileType = sourcecode.c.objc; path = coreAnimationTests.m; sourceTree = "<group>"; };
/* End PBXFileReference section */

/* Begin PBXFrameworksBuildPhase section */
		4EDD936D1B3CFDD900D757EC /* Frameworks */ = {
			isa = PBXFrameworksBuildPhase;
			buildActionMask = 2147483647;
			files = (
			);
			runOnlyForDeploymentPostprocessing = 0;
		};
		4EDD93861B3CFDD900D757EC /* Frameworks */ = {
			isa = PBXFrameworksBuildPhase;
			buildActionMask = 2147483647;
			files = (
			);
			runOnlyForDeploymentPostprocessing = 0;
		};
/* End PBXFrameworksBuildPhase section */

/* Begin PBXGroup section */
		4EDD93671B3CFDD900D757EC = {
			isa = PBXGroup;
			children = (
				4EDD93721B3CFDD900D757EC /* coreAnimation */,
				4EDD938C1B3CFDD900D757EC /* coreAnimationTests */,
				4EDD93711B3CFDD900D757EC /* Products */,
			);
			sourceTree = "<group>";
		};
		4EDD93711B3CFDD900D757EC /* Products */ = {
			isa = PBXGroup;
			children = (
				4EDD93701B3CFDD900D757EC /* coreAnimation.app */,
				4EDD93891B3CFDD900D757EC /* coreAnimationTests.xctest */,
			);
			name = Products;
			sourceTree = "<group>";
		};
		4EDD93721B3CFDD900D757EC /* coreAnimation */ = {
			isa = PBXGroup;
			children = (
				4EDD93771B3CFDD900D757EC /* AppDelegate.h */,
				4EDD93781B3CFDD900D757EC /* AppDelegate.m */,
				4EDD937A1B3CFDD900D757EC /* ViewController.h */,
				4EDD937B1B3CFDD900D757EC /* ViewController.m */,
				4EDD937D1B3CFDD900D757EC /* Main.storyboard */,
				4EDD93801B3CFDD900D757EC /* Images.xcassets */,
				4EDD93821B3CFDD900D757EC /* LaunchScreen.xib */,
				4EDD93731B3CFDD900D757EC /* Supporting Files */,
			);
			path = coreAnimation;
			sourceTree = "<group>";
		};
		4EDD93731B3CFDD900D757EC /* Supporting Files */ = {
			isa = PBXGroup;
			children = (
				4EDD93741B3CFDD900D757EC /* Info.plist */,
				4EDD93751B3CFDD900D757EC /* main.m */,
			);
			name = "Supporting Files";
			sourceTree = "<group>";
		};
		4EDD938C1B3CFDD900D757EC /* coreAnimationTests */ = {
			isa = PBXGroup;
			children = (
				4EDD938F1B3CFDD900D757EC /* coreAnimationTests.m */,
				4EDD938D1B3CFDD900D757EC /* Supporting Files */,
			);
			path = coreAnimationTests;
			sourceTree = "<group>";
		};
		4EDD938D1B3CFDD900D757EC /* Supporting Files */ = {
			isa = PBXGroup;
			children = (
				4EDD938E1B3CFDD900D757EC /* Info.plist */,
			);
			name = "Supporting Files";
			sourceTree = "<group>";
		};
/* End PBXGroup section */

/* Begin PBXNativeTarget section */
		4EDD936F1B3CFDD900D757EC /* coreAnimation */ = {
			isa = PBXNativeTarget;
			buildConfigurationList = 4EDD93931B3CFDD900D757EC /* Build configuration list for PBXNativeTarget "coreAnimation" */;
			buildPhases = (
				4EDD936C1B3CFDD900D757EC /* Sources */,
				4EDD936D1B3CFDD900D757EC /* Frameworks */,
				4EDD936E1B3CFDD900D757EC /* Resources */,
			);
			buildRules = (
			);
			dependencies = (
			);
			name = coreAnimation;
			productName = coreAnimation;
			productReference = 4EDD93701B3CFDD900D757EC /* coreAnimation.app */;
			productType = "com.apple.product-type.application";
		};
		4EDD93881B3CFDD900D757EC /* coreAnimationTests */ = {
			isa = PBXNativeTarget;
			buildConfigurationList = 4EDD93961B3CFDD900D757EC /* Build configuration list for PBXNativeTarget "coreAnimationTests" */;
			buildPhases = (
				4EDD93851B3CFDD900D757EC /* Sources */,
				4EDD93861B3CFDD900D757EC /* Frameworks */,
				4EDD93871B3CFDD900D757EC /* Resources */,
			);
			buildRules = (
			);
			dependencies = (
				4EDD938B1B3CFDD900D757EC /* PBXTargetDependency */,
			);
			name = coreAnimationTests;
			productName = coreAnimationTests;
			productReference = 4EDD93891B3CFDD900D757EC /* coreAnimationTests.xctest */;
			productType = "com.apple.product-type.bundle.unit-test";
		};
/* End PBXNativeTarget section */

/* Begin PBXProject section */
		4EDD93681B3CFDD900D757EC /* Project object */ = {
			isa = PBXProject;
			attributes = {
				LastUpgradeCheck = 0630;
				ORGANIZATIONNAME = RongYu100;
				TargetAttributes = {
					4EDD936F1B3CFDD900D757EC = {
						CreatedOnToolsVersion = 6.3.2;
					};
					4EDD93881B3CFDD900D757EC = {
						CreatedOnToolsVersion = 6.3.2;
						TestTargetID = 4EDD936F1B3CFDD900D757EC;
					};
				};
			};
			buildConfigurationList = 4EDD936B1B3CFDD900D757EC /* Build configuration list for PBXProject "coreAnimation" */;
			compatibilityVersion = "Xcode 3.2";
			developmentRegion = English;
			hasScannedForEncodings = 0;
			knownRegions = (
				en,
				Base,
			);
			mainGroup = 4EDD93671B3CFDD900D757EC;
			productRefGroup = 4EDD93711B3CFDD900D757EC /* Products */;
			projectDirPath = "";
			projectRoot = "";
			targets = (
				4EDD936F1B3CFDD900D757EC /* coreAnimation */,
				4EDD93881B3CFDD900D757EC /* coreAnimationTests */,
			);
		};
/* End PBXProject section */

/* Begin PBXResourcesBuildPhase section */
		4EDD936E1B3CFDD900D757EC /* Resources */ = {
			isa = PBXResourcesBuildPhase;
			buildActionMask = 2147483647;
			files = (
				4EDD937F1B3CFDD900D757EC /* Main.storyboard in Resources */,
				4EDD93841B3CFDD900D757EC /* LaunchScreen.xib in Resources */,
				4EDD93811B3CFDD900D757EC /* Images.xcassets in Resources */,
			);
			runOnlyForDeploymentPostprocessing = 0;
		};
		4EDD93871B3CFDD900D757EC /* Resources */ = {
			isa = PBXResourcesBuildPhase;
			buildActionMask = 2147483647;
			files = (
			);
			runOnlyForDeploymentPostprocessing = 0;
		};
/* End PBXResourcesBuildPhase section */

/* Begin PBXSourcesBuildPhase section */
		4EDD936C1B3CFDD900D757EC /* Sources */ = {
			isa = PBXSourcesBuildPhase;
			buildActionMask = 2147483647;
			files = (
				4EDD937C1B3CFDD900D757EC /* ViewController.m in Sources */,
				4EDD93791B3CFDD900D757EC /* AppDelegate.m in Sources */,
				4EDD93761B3CFDD900D757EC /* main.m in Sources */,
			);
			runOnlyForDeploymentPostprocessing = 0;
		};
		4EDD93851B3CFDD900D757EC /* Sources */ = {
			isa = PBXSourcesBuildPhase;
			buildActionMask = 2147483647;
			files = (
				4EDD93901B3CFDD900D757EC /* coreAnimationTests.m in Sources */,
			);
			runOnlyForDeploymentPostprocessing = 0;
		};
/* End PBXSourcesBuildPhase section */

/* Begin PBXTargetDependency section */
		4EDD938B1B3CFDD900D757EC /* PBXTargetDependency */ = {
			isa = PBXTargetDependency;
			target = 4EDD936F1B3CFDD900D757EC /* coreAnimation */;
			targetProxy = 4EDD938A1B3CFDD900D757EC /* PBXContainerItemProxy */;
		};
/* End PBXTargetDependency section */

/* Begin PBXVariantGroup section */
		4EDD937D1B3CFDD900D757EC /* Main.storyboard */ = {
			isa = PBXVariantGroup;
			children = (
				4EDD937E1B3CFDD900D757EC /* Base */,
			);
			name = Main.storyboard;
			sourceTree = "<group>";
		};
		4EDD93821B3CFDD900D757EC /* LaunchScreen.xib */ = {
			isa = PBXVariantGroup;
			children = (
				4EDD93831B3CFDD900D757EC /* Base */,
			);
			name = LaunchScreen.xib;
			sourceTree = "<group>";
		};
/* End PBXVariantGroup section */

/* Begin XCBuildConfiguration section */
		4EDD93911B3CFDD900D757EC /* Debug */ = {
			isa = XCBuildConfiguration;
			buildSettings = {
				ALWAYS_SEARCH_USER_PATHS = NO;
				CLANG_CXX_LANGUAGE_STANDARD = "gnu++0x";
				CLANG_CXX_LIBRARY = "libc++";
				CLANG_ENABLE_MODULES = YES;
				CLANG_ENABLE_OBJC_ARC = YES;
				CLANG_WARN_BOOL_CONVERSION = YES;
				CLANG_WARN_CONSTANT_CONVERSION = YES;
				CLANG_WARN_DIRECT_OBJC_ISA_USAGE = YES_ERROR;
				CLANG_WARN_EMPTY_BODY = YES;
				CLANG_WARN_ENUM_CONVERSION = YES;
				CLANG_WARN_INT_CONVERSION = YES;
				CLANG_WARN_OBJC_ROOT_CLASS = YES_ERROR;
				CLANG_WARN_UNREACHABLE_CODE = YES;
				CLANG_WARN__DUPLICATE_METHOD_MATCH = YES;
				"CODE_SIGN_IDENTITY[sdk=iphoneos*]" = "iPhone Developer";
				COPY_PHASE_STRIP = NO;
				DEBUG_INFORMATION_FORMAT = "dwarf-with-dsym";
				ENABLE_STRICT_OBJC_MSGSEND = YES;
				GCC_C_LANGUAGE_STANDARD = gnu99;
				GCC_DYNAMIC_NO_PIC = NO;
				GCC_NO_COMMON_BLOCKS = YES;
				GCC_OPTIMIZATION_LEVEL = 0;
				GCC_PREPROCESSOR_DEFINITIONS = (
					"DEBUG=1",
					"$(inherited)",
				);
				GCC_SYMBOLS_PRIVATE_EXTERN = NO;
				GCC_WARN_64_TO_32_BIT_CONVERSION = YES;
				GCC_WARN_ABOUT_RETURN_TYPE = YES_ERROR;
				GCC_WARN_UNDECLARED_SELECTOR = YES;
				GCC_WARN_UNINITIALIZED_AUTOS = YES_AGGRESSIVE;
				GCC_WARN_UNUSED_FUNCTION = YES;
				GCC_WARN_UNUSED_VARIABLE = YES;
				IPHONEOS_DEPLOYMENT_TARGET = 8.3;
				MTL_ENABLE_DEBUG_INFO = YES;
				ONLY_ACTIVE_ARCH = YES;
				SDKROOT = iphoneos;
			};
			name = Debug;
		};
		4EDD93921B3CFDD900D757EC /* Release */ = {
			isa = XCBuildConfiguration;
			buildSettings = {
				ALWAYS_SEARCH_USER_PATHS = NO;
				CLANG_CXX_LANGUAGE_STANDARD = "gnu++0x";
				CLANG_CXX_LIBRARY = "libc++";
				CLANG_ENABLE_MODULES = YES;
				CLANG_ENABLE_OBJC_ARC = YES;
				CLANG_WARN_BOOL_CONVERSION = YES;
				CLANG_WARN_CONSTANT_CONVERSION = YES;
				CLANG_WARN_DIRECT_OBJC_ISA_USAGE = YES_ERROR;
				CLANG_WARN_EMPTY_BODY = YES;
				CLANG_WARN_ENUM_CONVERSION = YES;
				CLANG_WARN_INT_CONVERSION = YES;
				CLANG_WARN_OBJC_ROOT_CLASS = YES_ERROR;
				CLANG_WARN_UNREACHABLE_CODE = YES;
				CLANG_WARN__DUPLICATE_METHOD_MATCH = YES;
				"CODE_SIGN_IDENTITY[sdk=iphoneos*]" = "iPhone Developer";
				COPY_PHASE_STRIP = NO;
				DEBUG_INFORMATION_FORMAT = "dwarf-with-dsym";
				ENABLE_NS_ASSERTIONS = NO;
				ENABLE_STRICT_OBJC_MSGSEND = YES;
				GCC_C_LANGUAGE_STANDARD = gnu99;
				GCC_NO_COMMON_BLOCKS = YES;
				GCC_WARN_64_TO_32_BIT_CONVERSION = YES;
				GCC_WARN_ABOUT_RETURN_TYPE = YES_ERROR;
				GCC_WARN_UNDECLARED_SELECTOR = YES;
				GCC_WARN_UNINITIALIZED_AUTOS = YES_AGGRESSIVE;
				GCC_WARN_UNUSED_FUNCTION = YES;
				GCC_WARN_UNUSED_VARIABLE = YES;
				IPHONEOS_DEPLOYMENT_TARGET = 8.3;
				MTL_ENABLE_DEBUG_INFO = NO;
				SDKROOT = iphoneos;
				VALIDATE_PRODUCT = YES;
			};
			name = Release;
		};
		4EDD93941B3CFDD900D757EC /* Debug */ = {
			isa = XCBuildConfiguration;
			buildSettings = {
				ASSETCATALOG_COMPILER_APPICON_NAME = AppIcon;
				INFOPLIST_FILE = coreAnimation/Info.plist;
				LD_RUNPATH_SEARCH_PATHS = "$(inherited) @executable_path/Frameworks";
				PRODUCT_NAME = "$(TARGET_NAME)";
			};
			name = Debug;
		};
		4EDD93951B3CFDD900D757EC /* Release */ = {
			isa = XCBuildConfiguration;
			buildSettings = {
				ASSETCATALOG_COMPILER_APPICON_NAME = AppIcon;
				INFOPLIST_FILE = coreAnimation/Info.plist;
				LD_RUNPATH_SEARCH_PATHS = "$(inherited) @executable_path/Frameworks";
				PRODUCT_NAME = "$(TARGET_NAME)";
			};
			name = Release;
		};
		4EDD93971B3CFDD900D757EC /* Debug */ = {
			isa = XCBuildConfiguration;
			buildSettings = {
				BUNDLE_LOADER = "$(TEST_HOST)";
				FRAMEWORK_SEARCH_PATHS = (
					"$(SDKROOT)/Developer/Library/Frameworks",
					"$(inherited)",
				);
				GCC_PREPROCESSOR_DEFINITIONS = (
					"DEBUG=1",
					"$(inherited)",
				);
				INFOPLIST_FILE = coreAnimationTests/Info.plist;
				LD_RUNPATH_SEARCH_PATHS = "$(inherited) @executable_path/Frameworks @loader_path/Frameworks";
				PRODUCT_NAME = "$(TARGET_NAME)";
				TEST_HOST = "$(BUILT_PRODUCTS_DIR)/coreAnimation.app/coreAnimation";
			};
			name = Debug;
		};
		4EDD93981B3CFDD900D757EC /* Release */ = {
			isa = XCBuildConfiguration;
			buildSettings = {
				BUNDLE_LOADER = "$(TEST_HOST)";
				FRAMEWORK_SEARCH_PATHS = (
					"$(SDKROOT)/Developer/Library/Frameworks",
					"$(inherited)",
				);
				INFOPLIST_FILE = coreAnimationTests/Info.plist;
				LD_RUNPATH_SEARCH_PATHS = "$(inherited) @executable_path/Frameworks @loader_path/Frameworks";
				PRODUCT_NAME = "$(TARGET_NAME)";
				TEST_HOST = "$(BUILT_PRODUCTS_DIR)/coreAnimation.app/coreAnimation";
			};
			name = Release;
		};
/* End XCBuildConfiguration section */

/* Begin XCConfigurationList section */
		4EDD936B1B3CFDD900D757EC /* Build configuration list for PBXProject "coreAnimation" */ = {
			isa = XCConfigurationList;
			buildConfigurations = (
				4EDD93911B3CFDD900D757EC /* Debug */,
				4EDD93921B3CFDD900D757EC /* Release */,
			);
			defaultConfigurationIsVisible = 0;
			defaultConfigurationName = Release;
		};
		4EDD93931B3CFDD900D757EC /* Build configuration list for PBXNativeTarget "coreAnimation" */ = {
			isa = XCConfigurationList;
			buildConfigurations = (
				4EDD93941B3CFDD900D757EC /* Debug */,
				4EDD93951B3CFDD900D757EC /* Release */,
			);
			defaultConfigurationIsVisible = 0;
		};
		4EDD93961B3CFDD900D757EC /* Build configuration list for PBXNativeTarget "coreAnimationTests" */ = {
			isa = XCConfigurationList;
			buildConfigurations = (
				4EDD93971B3CFDD900D757EC /* Debug */,
				4EDD93981B3CFDD900D757EC /* Release */,
			);
			defaultConfigurationIsVisible = 0;
		};
/* End XCConfigurationList section */
	};
	rootObject = 4EDD93681B3CFDD900D757EC /* Project object */;
}
